
Microsoft Visual Studio Solution File, Format Version 12.00
# Visual Studio Version 16
VisualStudioVersion = 16.0.29609.76
MinimumVisualStudioVersion = 10.0.40219.1
Project("{9A19103F-16F7-4668-BE54-9A1E7A4F7556}") = "Api.Pokemon", "Api.Pokemon\Api.Pokemon.csproj", "{5EF61CDB-B9A1-4846-BD0E-696521641C2E}"
EndProject
Project("{9A19103F-16F7-4668-BE54-9A1E7A4F7556}") = "Api.Pokemon.Data", "Api.Pokemon.Data\Api.Pokemon.Data.csproj", "{2ED304ED-4944-4A4B-89CE-B2E2307B50F9}"
EndProject
Global
	GlobalSection(SolutionConfigurationPlatforms) = preSolution
		Debug|Any CPU = Debug|Any CPU
		Release|Any CPU = Release|Any CPU
	EndGlobalSection
	GlobalSection(ProjectConfigurationPlatforms) = postSolution
		{5EF61CDB-B9A1-4846-BD0E-696521641C2E}.Debug|Any CPU.ActiveCfg = Debug|Any CPU
		{5EF61CDB-B9A1-4846-BD0E-696521641C2E}.Debug|Any CPU.Build.0 = Debug|Any CPU
		{5EF61CDB-B9A1-4846-BD0E-696521641C2E}.Release|Any CPU.ActiveCfg = Release|Any CPU
		{5EF61CDB-B9A1-4846-BD0E-696521641C2E}.Release|Any CPU.Build.0 = Release|Any CPU
		{2ED304ED-4944-4A4B-89CE-B2E2307B50F9}.Debug|Any CPU.ActiveCfg = Debug|Any CPU
		{2ED304ED-4944-4A4B-89CE-B2E2307B50F9}.Debug|Any CPU.Build.0 = Debug|Any CPU
		{2ED304ED-4944-4A4B-89CE-B2E2307B50F9}.Release|Any CPU.ActiveCfg = Release|Any CPU
		{2ED304ED-4944-4A4B-89CE-B2E2307B50F9}.Release|Any CPU.Build.0 = Release|Any CPU
	EndGlobalSection
	GlobalSection(SolutionProperties) = preSolution
		HideSolutionNode = FALSE
	EndGlobalSection
	GlobalSection(ExtensibilityGlobals) = postSolution
		SolutionGuid = {3514A9F7-BC29-4508-B6A8-FF128E245590}
	EndGlobalSection
EndGlobal
